// !$*UTF8*$!
{
	archiveVersion = 1;
	classes = {
	};
	objectVersion = 56;
	objects = {

/* Begin PBXBuildFile section */
		CB089EE72BB4AA0E00799843 /* TrainerTabScreen.swift in Sources */ = {isa = PBXBuildFile; fileRef = CB089EE62BB4AA0E00799843 /* TrainerTabScreen.swift */; };
		CB089EE92BB4AA4200799843 /* TrainerProfileScreen.swift in Sources */ = {isa = PBXBuildFile; fileRef = CB089EE82BB4AA4200799843 /* TrainerProfileScreen.swift */; };
		CB089EEB2BB4AF5E00799843 /* DiatecianTabScreen.swift in Sources */ = {isa = PBXBuildFile; fileRef = CB089EEA2BB4AF5E00799843 /* DiatecianTabScreen.swift */; };
		CB1088212BB3D4F900C76208 /* WorkoutDetailScreen.swift in Sources */ = {isa = PBXBuildFile; fileRef = CB1088202BB3D4F900C76208 /* WorkoutDetailScreen.swift */; };
		CB1088232BB3D51100C76208 /* WorkoutIntroductionScreen.swift in Sources */ = {isa = PBXBuildFile; fileRef = CB1088222BB3D51000C76208 /* WorkoutIntroductionScreen.swift */; };
		CB1088252BB3D52200C76208 /* WorkoutWeekDetailScreen.swift in Sources */ = {isa = PBXBuildFile; fileRef = CB1088242BB3D52200C76208 /* WorkoutWeekDetailScreen.swift */; };
		CB1088272BB3D53F00C76208 /* WorkoutDayExercisesScreen.swift in Sources */ = {isa = PBXBuildFile; fileRef = CB1088262BB3D53F00C76208 /* WorkoutDayExercisesScreen.swift */; };
		CB12A2DB2B9F95EA009C0BFA /* Healtho_GymApp.swift in Sources */ = {isa = PBXBuildFile; fileRef = CB12A2DA2B9F95EA009C0BFA /* Healtho_GymApp.swift */; };
		CB12A2DF2B9F95EB009C0BFA /* Assets.xcassets in Resources */ = {isa = PBXBuildFile; fileRef = CB12A2DE2B9F95EB009C0BFA /* Assets.xcassets */; };
		CB12A2E22B9F95EB009C0BFA /* Preview Assets.xcassets in Resources */ = {isa = PBXBuildFile; fileRef = CB12A2E12B9F95EB009C0BFA /* Preview Assets.xcassets */; };
		CB12A2F12B9F966E009C0BFA /* OnBoardingScreen.swift in Sources */ = {isa = PBXBuildFile; fileRef = CB12A2F02B9F966E009C0BFA /* OnBoardingScreen.swift */; };
		CB12A2F32B9F96A3009C0BFA /* Launch Screen.storyboard in Resources */ = {isa = PBXBuildFile; fileRef = CB12A2F22B9F96A3009C0BFA /* Launch Screen.storyboard */; };
		CB12A2F92B9F96D9009C0BFA /* Poppins-SemiBold.ttf in Resources */ = {isa = PBXBuildFile; fileRef = CB12A2F42B9F96D9009C0BFA /* Poppins-SemiBold.ttf */; };
		CB12A2FA2B9F96D9009C0BFA /* Poppins-Light.ttf in Resources */ = {isa = PBXBuildFile; fileRef = CB12A2F52B9F96D9009C0BFA /* Poppins-Light.ttf */; };
		CB12A2FB2B9F96D9009C0BFA /* Poppins-Bold.ttf in Resources */ = {isa = PBXBuildFile; fileRef = CB12A2F62B9F96D9009C0BFA /* Poppins-Bold.ttf */; };
		CB12A2FC2B9F96D9009C0BFA /* Poppins-Medium.ttf in Resources */ = {isa = PBXBuildFile; fileRef = CB12A2F72B9F96D9009C0BFA /* Poppins-Medium.ttf */; };
		CB12A2FD2B9F96D9009C0BFA /* Poppins-Regular.ttf in Resources */ = {isa = PBXBuildFile; fileRef = CB12A2F82B9F96D9009C0BFA /* Poppins-Regular.ttf */; };
		CB12A3002B9F974D009C0BFA /* UIExtension.swift in Sources */ = {isa = PBXBuildFile; fileRef = CB12A2FF2B9F974D009C0BFA /* UIExtension.swift */; };
		CB429D032BA36EF300AF6162 /* ReminderScreen.swift in Sources */ = {isa = PBXBuildFile; fileRef = CB429D022BA36EF300AF6162 /* ReminderScreen.swift */; };
		CB429D052BA36EFE00AF6162 /* NotificationScreen.swift in Sources */ = {isa = PBXBuildFile; fileRef = CB429D042BA36EFE00AF6162 /* NotificationScreen.swift */; };
		CB4BA5F22BA0E1D400002CFD /* SignUpScreen.swift in Sources */ = {isa = PBXBuildFile; fileRef = CB4BA5F12BA0E1D400002CFD /* SignUpScreen.swift */; };
		CB4BA5F42BA0E4FC00002CFD /* MobileNumberScreen.swift in Sources */ = {isa = PBXBuildFile; fileRef = CB4BA5F32BA0E4FC00002CFD /* MobileNumberScreen.swift */; };
		CB4BA5F62BA0E66D00002CFD /* OTPScreen.swift in Sources */ = {isa = PBXBuildFile; fileRef = CB4BA5F52BA0E66D00002CFD /* OTPScreen.swift */; };
		CB4BA5F82BA0E91B00002CFD /* NameScreen.swift in Sources */ = {isa = PBXBuildFile; fileRef = CB4BA5F72BA0E91B00002CFD /* NameScreen.swift */; };
		CB4BA5FA2BA0E9A300002CFD /* GoalScreen.swift in Sources */ = {isa = PBXBuildFile; fileRef = CB4BA5F92BA0E9A300002CFD /* GoalScreen.swift */; };
		CB7153F42BB5EE3700F7FE41 /* BackgroundCleanerView.swift in Sources */ = {isa = PBXBuildFile; fileRef = CB7153F32BB5EE3700F7FE41 /* BackgroundCleanerView.swift */; };
		CB7153F62BB5EEA800F7FE41 /* EnterYourPhysiquesScreen.swift in Sources */ = {isa = PBXBuildFile; fileRef = CB7153F52BB5EEA800F7FE41 /* EnterYourPhysiquesScreen.swift */; };
		CB7153F82BB5EEB600F7FE41 /* SelectAgeScreen.swift in Sources */ = {isa = PBXBuildFile; fileRef = CB7153F72BB5EEB600F7FE41 /* SelectAgeScreen.swift */; };
		CB7153FA2BB5EEC200F7FE41 /* SelectHeightScreen.swift in Sources */ = {isa = PBXBuildFile; fileRef = CB7153F92BB5EEC200F7FE41 /* SelectHeightScreen.swift */; };
		CB7153FC2BB5EED000F7FE41 /* SelectWeightScreen.swift in Sources */ = {isa = PBXBuildFile; fileRef = CB7153FB2BB5EED000F7FE41 /* SelectWeightScreen.swift */; };
		CB7153FE2BB5EEDF00F7FE41 /* SelectLevelScreen.swift in Sources */ = {isa = PBXBuildFile; fileRef = CB7153FD2BB5EEDF00F7FE41 /* SelectLevelScreen.swift */; };
		CB88E3092BB73C21006B49D1 /* ChallengesTabScreen.swift in Sources */ = {isa = PBXBuildFile; fileRef = CB88E3082BB73C21006B49D1 /* ChallengesTabScreen.swift */; };
		CB8A5BB22BB163170042C496 /* ExercisesListScreen.swift in Sources */ = {isa = PBXBuildFile; fileRef = CB8A5BB12BB163170042C496 /* ExercisesListScreen.swift */; };
		CB8A5BB42BB1632A0042C496 /* ExerciseDetailsScreen.swift in Sources */ = {isa = PBXBuildFile; fileRef = CB8A5BB32BB1632A0042C496 /* ExerciseDetailsScreen.swift */; };
		CB8BE5252BB1F93A005EED48 /* WorkoutPlanTabScreen.swift in Sources */ = {isa = PBXBuildFile; fileRef = CB8BE5242BB1F93A005EED48 /* WorkoutPlanTabScreen.swift */; };
		CB8BE5272BB1F948005EED48 /* FindWorkoutPlanScreen.swift in Sources */ = {isa = PBXBuildFile; fileRef = CB8BE5262BB1F948005EED48 /* FindWorkoutPlanScreen.swift */; };
		CB8BE5292BB1F955005EED48 /* CreatePlanScreen.swift in Sources */ = {isa = PBXBuildFile; fileRef = CB8BE5282BB1F955005EED48 /* CreatePlanScreen.swift */; };
		CB8BE52B2BB1FA14005EED48 /* IconTitleSubtitleButton.swift in Sources */ = {isa = PBXBuildFile; fileRef = CB8BE52A2BB1FA14005EED48 /* IconTitleSubtitleButton.swift */; };
		CB8BE52D2BB1FBA6005EED48 /* SectionMoreButtton.swift in Sources */ = {isa = PBXBuildFile; fileRef = CB8BE52C2BB1FBA6005EED48 /* SectionMoreButtton.swift */; };
		CB8BE52F2BB1FD4B005EED48 /* RoundDropDown.swift in Sources */ = {isa = PBXBuildFile; fileRef = CB8BE52E2BB1FD4B005EED48 /* RoundDropDown.swift */; };
		CB94BC2A2BB0156000E35051 /* ExercisesTabScreen.swift in Sources */ = {isa = PBXBuildFile; fileRef = CB94BC292BB0156000E35051 /* ExercisesTabScreen.swift */; };
		CBD3A1382BA23F8B00899663 /* SettingScreen.swift in Sources */ = {isa = PBXBuildFile; fileRef = CBD3A1372BA23F8B00899663 /* SettingScreen.swift */; };
		CBD3A13A2BA23F9900899663 /* SettingRow.swift in Sources */ = {isa = PBXBuildFile; fileRef = CBD3A1392BA23F9900899663 /* SettingRow.swift */; };
		CBD3A13C2BA23FA800899663 /* ProfileScreen.swift in Sources */ = {isa = PBXBuildFile; fileRef = CBD3A13B2BA23FA800899663 /* ProfileScreen.swift */; };
		CBDEB2A52BAE17CD0000EE20 /* TopTabViewScreen.swift in Sources */ = {isa = PBXBuildFile; fileRef = CBDEB2A42BAE17CD0000EE20 /* TopTabViewScreen.swift */; };
		CBDEB2A82BAE17E80000EE20 /* HealthTipTabScreen.swift in Sources */ = {isa = PBXBuildFile; fileRef = CBDEB2A72BAE17E80000EE20 /* HealthTipTabScreen.swift */; };
/* End PBXBuildFile section */

/* Begin PBXFileReference section */
		CB089EE62BB4AA0E00799843 /* TrainerTabScreen.swift */ = {isa = PBXFileReference; lastKnownFileType = sourcecode.swift; path = TrainerTabScreen.swift; sourceTree = "<group>"; };
		CB089EE82BB4AA4200799843 /* TrainerProfileScreen.swift */ = {isa = PBXFileReference; lastKnownFileType = sourcecode.swift; path = TrainerProfileScreen.swift; sourceTree = "<group>"; };
		CB089EEA2BB4AF5E00799843 /* DiatecianTabScreen.swift */ = {isa = PBXFileReference; lastKnownFileType = sourcecode.swift; path = DiatecianTabScreen.swift; sourceTree = "<group>"; };
		CB1088202BB3D4F900C76208 /* WorkoutDetailScreen.swift */ = {isa = PBXFileReference; lastKnownFileType = sourcecode.swift; path = WorkoutDetailScreen.swift; sourceTree = "<group>"; };
		CB1088222BB3D51000C76208 /* WorkoutIntroductionScreen.swift */ = {isa = PBXFileReference; lastKnownFileType = sourcecode.swift; path = WorkoutIntroductionScreen.swift; sourceTree = "<group>"; };
		CB1088242BB3D52200C76208 /* WorkoutWeekDetailScreen.swift */ = {isa = PBXFileReference; lastKnownFileType = sourcecode.swift; path = WorkoutWeekDetailScreen.swift; sourceTree = "<group>"; };
		CB1088262BB3D53F00C76208 /* WorkoutDayExercisesScreen.swift */ = {isa = PBXFileReference; lastKnownFileType = sourcecode.swift; path = WorkoutDayExercisesScreen.swift; sourceTree = "<group>"; };
		CB12A2D72B9F95EA009C0BFA /* Healtho Gym.app */ = {isa = PBXFileReference; explicitFileType = wrapper.application; includeInIndex = 0; path = "Healtho Gym.app"; sourceTree = BUILT_PRODUCTS_DIR; };
		CB12A2DA2B9F95EA009C0BFA /* Healtho_GymApp.swift */ = {isa = PBXFileReference; lastKnownFileType = sourcecode.swift; path = Healtho_GymApp.swift; sourceTree = "<group>"; };
		CB12A2DE2B9F95EB009C0BFA /* Assets.xcassets */ = {isa = PBXFileReference; lastKnownFileType = folder.assetcatalog; path = Assets.xcassets; sourceTree = "<group>"; };
		CB12A2E12B9F95EB009C0BFA /* Preview Assets.xcassets */ = {isa = PBXFileReference; lastKnownFileType = folder.assetcatalog; path = "Preview Assets.xcassets"; sourceTree = "<group>"; };
		CB12A2F02B9F966E009C0BFA /* OnBoardingScreen.swift */ = {isa = PBXFileReference; lastKnownFileType = sourcecode.swift; path = OnBoardingScreen.swift; sourceTree = "<group>"; };
		CB12A2F22B9F96A3009C0BFA /* Launch Screen.storyboard */ = {isa = PBXFileReference; lastKnownFileType = file.storyboard; path = "Launch Screen.storyboard"; sourceTree = "<group>"; };
		CB12A2F42B9F96D9009C0BFA /* Poppins-SemiBold.ttf */ = {isa = PBXFileReference; lastKnownFileType = file; path = "Poppins-SemiBold.ttf"; sourceTree = "<group>"; };
		CB12A2F52B9F96D9009C0BFA /* Poppins-Light.ttf */ = {isa = PBXFileReference; lastKnownFileType = file; path = "Poppins-Light.ttf"; sourceTree = "<group>"; };
		CB12A2F62B9F96D9009C0BFA /* Poppins-Bold.ttf */ = {isa = PBXFileReference; lastKnownFileType = file; path = "Poppins-Bold.ttf"; sourceTree = "<group>"; };
		CB12A2F72B9F96D9009C0BFA /* Poppins-Medium.ttf */ = {isa = PBXFileReference; lastKnownFileType = file; path = "Poppins-Medium.ttf"; sourceTree = "<group>"; };
		CB12A2F82B9F96D9009C0BFA /* Poppins-Regular.ttf */ = {isa = PBXFileReference; lastKnownFileType = file; path = "Poppins-Regular.ttf"; sourceTree = "<group>"; };
		CB12A2FE2B9F96E6009C0BFA /* Healtho-Gym-Info.plist */ = {isa = PBXFileReference; lastKnownFileType = text.plist; path = "Healtho-Gym-Info.plist"; sourceTree = SOURCE_ROOT; };
		CB12A2FF2B9F974D009C0BFA /* UIExtension.swift */ = {isa = PBXFileReference; lastKnownFileType = sourcecode.swift; path = UIExtension.swift; sourceTree = "<group>"; };
		CB429D022BA36EF300AF6162 /* ReminderScreen.swift */ = {isa = PBXFileReference; lastKnownFileType = sourcecode.swift; path = ReminderScreen.swift; sourceTree = "<group>"; };
		CB429D042BA36EFE00AF6162 /* NotificationScreen.swift */ = {isa = PBXFileReference; lastKnownFileType = sourcecode.swift; path = NotificationScreen.swift; sourceTree = "<group>"; };
		CB4BA5F12BA0E1D400002CFD /* SignUpScreen.swift */ = {isa = PBXFileReference; lastKnownFileType = sourcecode.swift; path = SignUpScreen.swift; sourceTree = "<group>"; };
		CB4BA5F32BA0E4FC00002CFD /* MobileNumberScreen.swift */ = {isa = PBXFileReference; lastKnownFileType = sourcecode.swift; path = MobileNumberScreen.swift; sourceTree = "<group>"; };
		CB4BA5F52BA0E66D00002CFD /* OTPScreen.swift */ = {isa = PBXFileReference; lastKnownFileType = sourcecode.swift; path = OTPScreen.swift; sourceTree = "<group>"; };
		CB4BA5F72BA0E91B00002CFD /* NameScreen.swift */ = {isa = PBXFileReference; lastKnownFileType = sourcecode.swift; path = NameScreen.swift; sourceTree = "<group>"; };
		CB4BA5F92BA0E9A300002CFD /* GoalScreen.swift */ = {isa = PBXFileReference; lastKnownFileType = sourcecode.swift; path = GoalScreen.swift; sourceTree = "<group>"; };
		CB7153F32BB5EE3700F7FE41 /* BackgroundCleanerView.swift */ = {isa = PBXFileReference; lastKnownFileType = sourcecode.swift; path = BackgroundCleanerView.swift; sourceTree = "<group>"; };
		CB7153F52BB5EEA800F7FE41 /* EnterYourPhysiquesScreen.swift */ = {isa = PBXFileReference; lastKnownFileType = sourcecode.swift; path = EnterYourPhysiquesScreen.swift; sourceTree = "<group>"; };
		CB7153F72BB5EEB600F7FE41 /* SelectAgeScreen.swift */ = {isa = PBXFileReference; lastKnownFileType = sourcecode.swift; path = SelectAgeScreen.swift; sourceTree = "<group>"; };
		CB7153F92BB5EEC200F7FE41 /* SelectHeightScreen.swift */ = {isa = PBXFileReference; lastKnownFileType = sourcecode.swift; path = SelectHeightScreen.swift; sourceTree = "<group>"; };
		CB7153FB2BB5EED000F7FE41 /* SelectWeightScreen.swift */ = {isa = PBXFileReference; lastKnownFileType = sourcecode.swift; path = SelectWeightScreen.swift; sourceTree = "<group>"; };
		CB7153FD2BB5EEDF00F7FE41 /* SelectLevelScreen.swift */ = {isa = PBXFileReference; lastKnownFileType = sourcecode.swift; path = SelectLevelScreen.swift; sourceTree = "<group>"; };
		CB88E3082BB73C21006B49D1 /* ChallengesTabScreen.swift */ = {isa = PBXFileReference; lastKnownFileType = sourcecode.swift; path = ChallengesTabScreen.swift; sourceTree = "<group>"; };
		CB8A5BB12BB163170042C496 /* ExercisesListScreen.swift */ = {isa = PBXFileReference; lastKnownFileType = sourcecode.swift; path = ExercisesListScreen.swift; sourceTree = "<group>"; };
		CB8A5BB32BB1632A0042C496 /* ExerciseDetailsScreen.swift */ = {isa = PBXFileReference; lastKnownFileType = sourcecode.swift; path = ExerciseDetailsScreen.swift; sourceTree = "<group>"; };
		CB8BE5242BB1F93A005EED48 /* WorkoutPlanTabScreen.swift */ = {isa = PBXFileReference; lastKnownFileType = sourcecode.swift; path = WorkoutPlanTabScreen.swift; sourceTree = "<group>"; };
		CB8BE5262BB1F948005EED48 /* FindWorkoutPlanScreen.swift */ = {isa = PBXFileReference; lastKnownFileType = sourcecode.swift; path = FindWorkoutPlanScreen.swift; sourceTree = "<group>"; };
		CB8BE5282BB1F955005EED48 /* CreatePlanScreen.swift */ = {isa = PBXFileReference; lastKnownFileType = sourcecode.swift; path = CreatePlanScreen.swift; sourceTree = "<group>"; };
		CB8BE52A2BB1FA14005EED48 /* IconTitleSubtitleButton.swift */ = {isa = PBXFileReference; lastKnownFileType = sourcecode.swift; path = IconTitleSubtitleButton.swift; sourceTree = "<group>"; };
		CB8BE52C2BB1FBA6005EED48 /* SectionMoreButtton.swift */ = {isa = PBXFileReference; lastKnownFileType = sourcecode.swift; path = SectionMoreButtton.swift; sourceTree = "<group>"; };
		CB8BE52E2BB1FD4B005EED48 /* RoundDropDown.swift */ = {isa = PBXFileReference; lastKnownFileType = sourcecode.swift; path = RoundDropDown.swift; sourceTree = "<group>"; };
		CB94BC292BB0156000E35051 /* ExercisesTabScreen.swift */ = {isa = PBXFileReference; lastKnownFileType = sourcecode.swift; path = ExercisesTabScreen.swift; sourceTree = "<group>"; };
		CBD3A1372BA23F8B00899663 /* SettingScreen.swift */ = {isa = PBXFileReference; lastKnownFileType = sourcecode.swift; path = SettingScreen.swift; sourceTree = "<group>"; };
		CBD3A1392BA23F9900899663 /* SettingRow.swift */ = {isa = PBXFileReference; lastKnownFileType = sourcecode.swift; path = SettingRow.swift; sourceTree = "<group>"; };
		CBD3A13B2BA23FA800899663 /* ProfileScreen.swift */ = {isa = PBXFileReference; lastKnownFileType = sourcecode.swift; path = ProfileScreen.swift; sourceTree = "<group>"; };
		CBDEB2A42BAE17CD0000EE20 /* TopTabViewScreen.swift */ = {isa = PBXFileReference; lastKnownFileType = sourcecode.swift; path = TopTabViewScreen.swift; sourceTree = "<group>"; };
		CBDEB2A72BAE17E80000EE20 /* HealthTipTabScreen.swift */ = {isa = PBXFileReference; lastKnownFileType = sourcecode.swift; path = HealthTipTabScreen.swift; sourceTree = "<group>"; };
/* End PBXFileReference section */

/* Begin PBXFrameworksBuildPhase section */
		CB12A2D42B9F95EA009C0BFA /* Frameworks */ = {
			isa = PBXFrameworksBuildPhase;
			buildActionMask = 2147483647;
			files = (
			);
			runOnlyForDeploymentPostprocessing = 0;
		};
/* End PBXFrameworksBuildPhase section */

/* Begin PBXGroup section */
		CB089EE42BB4A9F000799843 /* Trainer */ = {
			isa = PBXGroup;
			children = (
				CB089EE62BB4AA0E00799843 /* TrainerTabScreen.swift */,
				CB089EE82BB4AA4200799843 /* TrainerProfileScreen.swift */,
			);
			path = Trainer;
			sourceTree = "<group>";
		};
		CB089EE52BB4A9F700799843 /* Diatecian */ = {
			isa = PBXGroup;
			children = (
				CB089EEA2BB4AF5E00799843 /* DiatecianTabScreen.swift */,
			);
			path = Diatecian;
			sourceTree = "<group>";
		};
		CB12A2CE2B9F95EA009C0BFA = {
			isa = PBXGroup;
			children = (
				CB12A2D92B9F95EA009C0BFA /* Healtho Gym */,
				CB12A2D82B9F95EA009C0BFA /* Products */,
			);
			sourceTree = "<group>";
		};
		CB12A2D82B9F95EA009C0BFA /* Products */ = {
			isa = PBXGroup;
			children = (
				CB12A2D72B9F95EA009C0BFA /* Healtho Gym.app */,
			);
			name = Products;
			sourceTree = "<group>";
		};
		CB12A2D92B9F95EA009C0BFA /* Healtho Gym */ = {
			isa = PBXGroup;
			children = (
				CB12A2FE2B9F96E6009C0BFA /* Healtho-Gym-Info.plist */,
				CB12A2ED2B9F9650009C0BFA /* Screen */,
				CB12A2EC2B9F9648009C0BFA /* Model */,
				CB12A2EB2B9F963F009C0BFA /* ViewModel */,
				CB12A2EA2B9F9633009C0BFA /* UICommon */,
				CB12A2E92B9F962D009C0BFA /* Common */,
				CB12A2E82B9F9625009C0BFA /* Fonts */,
				CB12A2DA2B9F95EA009C0BFA /* Healtho_GymApp.swift */,
				CB12A2DE2B9F95EB009C0BFA /* Assets.xcassets */,
				CB12A2E02B9F95EB009C0BFA /* Preview Content */,
				CB12A2F22B9F96A3009C0BFA /* Launch Screen.storyboard */,
			);
			path = "Healtho Gym";
			sourceTree = "<group>";
		};
		CB12A2E02B9F95EB009C0BFA /* Preview Content */ = {
			isa = PBXGroup;
			children = (
				CB12A2E12B9F95EB009C0BFA /* Preview Assets.xcassets */,
			);
			path = "Preview Content";
			sourceTree = "<group>";
		};
		CB12A2E82B9F9625009C0BFA /* Fonts */ = {
			isa = PBXGroup;
			children = (
				CB12A2F62B9F96D9009C0BFA /* Poppins-Bold.ttf */,
				CB12A2F52B9F96D9009C0BFA /* Poppins-Light.ttf */,
				CB12A2F72B9F96D9009C0BFA /* Poppins-Medium.ttf */,
				CB12A2F82B9F96D9009C0BFA /* Poppins-Regular.ttf */,
				CB12A2F42B9F96D9009C0BFA /* Poppins-SemiBold.ttf */,
			);
			path = Fonts;
			sourceTree = "<group>";
		};
		CB12A2E92B9F962D009C0BFA /* Common */ = {
			isa = PBXGroup;
			children = (
			);
			path = Common;
			sourceTree = "<group>";
		};
		CB12A2EA2B9F9633009C0BFA /* UICommon */ = {
			isa = PBXGroup;
			children = (
				CB12A2FF2B9F974D009C0BFA /* UIExtension.swift */,
				CB8BE52A2BB1FA14005EED48 /* IconTitleSubtitleButton.swift */,
				CB8BE52C2BB1FBA6005EED48 /* SectionMoreButtton.swift */,
				CB8BE52E2BB1FD4B005EED48 /* RoundDropDown.swift */,
				CB7153F32BB5EE3700F7FE41 /* BackgroundCleanerView.swift */,
			);
			path = UICommon;
			sourceTree = "<group>";
		};
		CB12A2EB2B9F963F009C0BFA /* ViewModel */ = {
			isa = PBXGroup;
			children = (
			);
			path = ViewModel;
			sourceTree = "<group>";
		};
		CB12A2EC2B9F9648009C0BFA /* Model */ = {
			isa = PBXGroup;
			children = (
			);
			path = Model;
			sourceTree = "<group>";
		};
		CB12A2ED2B9F9650009C0BFA /* Screen */ = {
			isa = PBXGroup;
			children = (
				CB12A2EF2B9F965C009C0BFA /* Login */,
				CB12A2EE2B9F9656009C0BFA /* Home */,
			);
			path = Screen;
			sourceTree = "<group>";
		};
		CB12A2EE2B9F9656009C0BFA /* Home */ = {
			isa = PBXGroup;
			children = (
				CB83C41A2BB73B2400B23577 /* New Group */,
				CBDEB2A32BAE17B00000EE20 /* TopTabView */,
				CB429D012BA36EE000AF6162 /* Notification */,
				CB429D002BA36ECF00AF6162 /* Reminder */,
				CBD3A1362BA23F7000899663 /* Setting */,
			);
			path = Home;
			sourceTree = "<group>";
		};
		CB12A2EF2B9F965C009C0BFA /* Login */ = {
			isa = PBXGroup;
			children = (
				CB12A2F02B9F966E009C0BFA /* OnBoardingScreen.swift */,
				CB4BA5F12BA0E1D400002CFD /* SignUpScreen.swift */,
				CB4BA5F32BA0E4FC00002CFD /* MobileNumberScreen.swift */,
				CB4BA5F52BA0E66D00002CFD /* OTPScreen.swift */,
				CB4BA5F72BA0E91B00002CFD /* NameScreen.swift */,
				CB4BA5F92BA0E9A300002CFD /* GoalScreen.swift */,
				CB7153F52BB5EEA800F7FE41 /* EnterYourPhysiquesScreen.swift */,
				CB7153F72BB5EEB600F7FE41 /* SelectAgeScreen.swift */,
				CB7153F92BB5EEC200F7FE41 /* SelectHeightScreen.swift */,
				CB7153FB2BB5EED000F7FE41 /* SelectWeightScreen.swift */,
				CB7153FD2BB5EEDF00F7FE41 /* SelectLevelScreen.swift */,
			);
			path = Login;
			sourceTree = "<group>";
		};
		CB429D002BA36ECF00AF6162 /* Reminder */ = {
			isa = PBXGroup;
			children = (
				CB429D022BA36EF300AF6162 /* ReminderScreen.swift */,
			);
			path = Reminder;
			sourceTree = "<group>";
		};
		CB429D012BA36EE000AF6162 /* Notification */ = {
			isa = PBXGroup;
			children = (
				CB429D042BA36EFE00AF6162 /* NotificationScreen.swift */,
			);
			path = Notification;
			sourceTree = "<group>";
		};
		CB83C41A2BB73B2400B23577 /* New Group */ = {
			isa = PBXGroup;
			children = (
			);
			path = "New Group";
			sourceTree = "<group>";
		};
		CB88E3072BB73BFF006B49D1 /* Challenges */ = {
			isa = PBXGroup;
			children = (
				CB88E3082BB73C21006B49D1 /* ChallengesTabScreen.swift */,
			);
			path = Challenges;
			sourceTree = "<group>";
		};
		CB8BE5232BB1F91E005EED48 /* WorkoutPlan */ = {
			isa = PBXGroup;
			children = (
				CB8BE5242BB1F93A005EED48 /* WorkoutPlanTabScreen.swift */,
				CB8BE5262BB1F948005EED48 /* FindWorkoutPlanScreen.swift */,
				CB8BE5282BB1F955005EED48 /* CreatePlanScreen.swift */,
				CB1088202BB3D4F900C76208 /* WorkoutDetailScreen.swift */,
				CB1088222BB3D51000C76208 /* WorkoutIntroductionScreen.swift */,
				CB1088242BB3D52200C76208 /* WorkoutWeekDetailScreen.swift */,
				CB1088262BB3D53F00C76208 /* WorkoutDayExercisesScreen.swift */,
			);
			path = WorkoutPlan;
			sourceTree = "<group>";
		};
		CB94BC282BB0154400E35051 /* Exercises */ = {
			isa = PBXGroup;
			children = (
				CB94BC292BB0156000E35051 /* ExercisesTabScreen.swift */,
				CB8A5BB12BB163170042C496 /* ExercisesListScreen.swift */,
				CB8A5BB32BB1632A0042C496 /* ExerciseDetailsScreen.swift */,
			);
			path = Exercises;
			sourceTree = "<group>";
		};
		CBD3A1362BA23F7000899663 /* Setting */ = {
			isa = PBXGroup;
			children = (
				CBD3A1372BA23F8B00899663 /* SettingScreen.swift */,
				CBD3A1392BA23F9900899663 /* SettingRow.swift */,
				CBD3A13B2BA23FA800899663 /* ProfileScreen.swift */,
			);
			path = Setting;
			sourceTree = "<group>";
		};
		CBDEB2A32BAE17B00000EE20 /* TopTabView */ = {
			isa = PBXGroup;
			children = (
				CB88E3072BB73BFF006B49D1 /* Challenges */,
				CB089EE52BB4A9F700799843 /* Diatecian */,
				CB089EE42BB4A9F000799843 /* Trainer */,
				CB8BE5232BB1F91E005EED48 /* WorkoutPlan */,
				CB94BC282BB0154400E35051 /* Exercises */,
				CBDEB2A62BAE17D10000EE20 /* HealthTip */,
				CBDEB2A42BAE17CD0000EE20 /* TopTabViewScreen.swift */,
			);
			path = TopTabView;
			sourceTree = "<group>";
		};
		CBDEB2A62BAE17D10000EE20 /* HealthTip */ = {
			isa = PBXGroup;
			children = (
				CBDEB2A72BAE17E80000EE20 /* HealthTipTabScreen.swift */,
			);
			path = HealthTip;
			sourceTree = "<group>";
		};
/* End PBXGroup section */

/* Begin PBXNativeTarget section */
		CB12A2D62B9F95EA009C0BFA /* Healtho Gym */ = {
			isa = PBXNativeTarget;
			buildConfigurationList = CB12A2E52B9F95EB009C0BFA /* Build configuration list for PBXNativeTarget "Healtho Gym" */;
			buildPhases = (
				CB12A2D32B9F95EA009C0BFA /* Sources */,
				CB12A2D42B9F95EA009C0BFA /* Frameworks */,
				CB12A2D52B9F95EA009C0BFA /* Resources */,
			);
			buildRules = (
			);
			dependencies = (
			);
			name = "Healtho Gym";
			productName = "Healtho Gym";
			productReference = CB12A2D72B9F95EA009C0BFA /* Healtho Gym.app */;
			productType = "com.apple.product-type.application";
		};
/* End PBXNativeTarget section */

/* Begin PBXProject section */
		CB12A2CF2B9F95EA009C0BFA /* Project object */ = {
			isa = PBXProject;
			attributes = {
				BuildIndependentTargetsInParallel = 1;
				LastSwiftUpdateCheck = 1530;
				LastUpgradeCheck = 1530;
				TargetAttributes = {
					CB12A2D62B9F95EA009C0BFA = {
						CreatedOnToolsVersion = 15.3;
					};
				};
			};
			buildConfigurationList = CB12A2D22B9F95EA009C0BFA /* Build configuration list for PBXProject "Healtho Gym" */;
			compatibilityVersion = "Xcode 14.0";
			developmentRegion = en;
			hasScannedForEncodings = 0;
			knownRegions = (
				en,
				Base,
			);
			mainGroup = CB12A2CE2B9F95EA009C0BFA;
			productRefGroup = CB12A2D82B9F95EA009C0BFA /* Products */;
			projectDirPath = "";
			projectRoot = "";
			targets = (
				CB12A2D62B9F95EA009C0BFA /* Healtho Gym */,
			);
		};
/* End PBXProject section */

/* Begin PBXResourcesBuildPhase section */
		CB12A2D52B9F95EA009C0BFA /* Resources */ = {
			isa = PBXResourcesBuildPhase;
			buildActionMask = 2147483647;
			files = (
				CB12A2F32B9F96A3009C0BFA /* Launch Screen.storyboard in Resources */,
				CB12A2FC2B9F96D9009C0BFA /* Poppins-Medium.ttf in Resources */,
				CB12A2FB2B9F96D9009C0BFA /* Poppins-Bold.ttf in Resources */,
				CB12A2FA2B9F96D9009C0BFA /* Poppins-Light.ttf in Resources */,
				CB12A2F92B9F96D9009C0BFA /* Poppins-SemiBold.ttf in Resources */,
				CB12A2E22B9F95EB009C0BFA /* Preview Assets.xcassets in Resources */,
				CB12A2DF2B9F95EB009C0BFA /* Assets.xcassets in Resources */,
				CB12A2FD2B9F96D9009C0BFA /* Poppins-Regular.ttf in Resources */,
			);
			runOnlyForDeploymentPostprocessing = 0;
		};
/* End PBXResourcesBuildPhase section */

/* Begin PBXSourcesBuildPhase section */
		CB12A2D32B9F95EA009C0BFA /* Sources */ = {
			isa = PBXSourcesBuildPhase;
			buildActionMask = 2147483647;
			files = (
				CB4BA5F82BA0E91B00002CFD /* NameScreen.swift in Sources */,
				CB089EEB2BB4AF5E00799843 /* DiatecianTabScreen.swift in Sources */,
				CB8BE5272BB1F948005EED48 /* FindWorkoutPlanScreen.swift in Sources */,
				CB8A5BB22BB163170042C496 /* ExercisesListScreen.swift in Sources */,
				CB7153F62BB5EEA800F7FE41 /* EnterYourPhysiquesScreen.swift in Sources */,
				CBD3A13A2BA23F9900899663 /* SettingRow.swift in Sources */,
				CBDEB2A52BAE17CD0000EE20 /* TopTabViewScreen.swift in Sources */,
				CB12A2F12B9F966E009C0BFA /* OnBoardingScreen.swift in Sources */,
				CB12A3002B9F974D009C0BFA /* UIExtension.swift in Sources */,
				CB94BC2A2BB0156000E35051 /* ExercisesTabScreen.swift in Sources */,
				CB1088232BB3D51100C76208 /* WorkoutIntroductionScreen.swift in Sources */,
				CB429D052BA36EFE00AF6162 /* NotificationScreen.swift in Sources */,
				CB7153F42BB5EE3700F7FE41 /* BackgroundCleanerView.swift in Sources */,
				CB1088272BB3D53F00C76208 /* WorkoutDayExercisesScreen.swift in Sources */,
				CB1088212BB3D4F900C76208 /* WorkoutDetailScreen.swift in Sources */,
				CB7153F82BB5EEB600F7FE41 /* SelectAgeScreen.swift in Sources */,
				CBD3A13C2BA23FA800899663 /* ProfileScreen.swift in Sources */,
				CBD3A1382BA23F8B00899663 /* SettingScreen.swift in Sources */,
				CB8BE52D2BB1FBA6005EED48 /* SectionMoreButtton.swift in Sources */,
				CB4BA5F42BA0E4FC00002CFD /* MobileNumberScreen.swift in Sources */,
				CB7153FE2BB5EEDF00F7FE41 /* SelectLevelScreen.swift in Sources */,
				CB88E3092BB73C21006B49D1 /* ChallengesTabScreen.swift in Sources */,
				CB8BE5252BB1F93A005EED48 /* WorkoutPlanTabScreen.swift in Sources */,
				CB7153FA2BB5EEC200F7FE41 /* SelectHeightScreen.swift in Sources */,
				CB089EE92BB4AA4200799843 /* TrainerProfileScreen.swift in Sources */,
				CB089EE72BB4AA0E00799843 /* TrainerTabScreen.swift in Sources */,
				CB12A2DB2B9F95EA009C0BFA /* Healtho_GymApp.swift in Sources */,
				CB4BA5F22BA0E1D400002CFD /* SignUpScreen.swift in Sources */,
				CB8BE5292BB1F955005EED48 /* CreatePlanScreen.swift in Sources */,
				CB7153FC2BB5EED000F7FE41 /* SelectWeightScreen.swift in Sources */,
				CB429D032BA36EF300AF6162 /* ReminderScreen.swift in Sources */,
				CB4BA5FA2BA0E9A300002CFD /* GoalScreen.swift in Sources */,
				CB8BE52F2BB1FD4B005EED48 /* RoundDropDown.swift in Sources */,
				CB4BA5F62BA0E66D00002CFD /* OTPScreen.swift in Sources */,
				CB8BE52B2BB1FA14005EED48 /* IconTitleSubtitleButton.swift in Sources */,
				CB1088252BB3D52200C76208 /* WorkoutWeekDetailScreen.swift in Sources */,
				CB8A5BB42BB1632A0042C496 /* ExerciseDetailsScreen.swift in Sources */,
				CBDEB2A82BAE17E80000EE20 /* HealthTipTabScreen.swift in Sources */,
			);
			runOnlyForDeploymentPostprocessing = 0;
		};
/* End PBXSourcesBuildPhase section */

/* Begin XCBuildConfiguration section */
		CB12A2E32B9F95EB009C0BFA /* Debug */ = {
			isa = XCBuildConfiguration;
			buildSettings = {
				ALWAYS_SEARCH_USER_PATHS = NO;
				ASSETCATALOG_COMPILER_GENERATE_SWIFT_ASSET_SYMBOL_EXTENSIONS = YES;
				CLANG_ANALYZER_NONNULL = YES;
				CLANG_ANALYZER_NUMBER_OBJECT_CONVERSION = YES_AGGRESSIVE;
				CLANG_CXX_LANGUAGE_STANDARD = "gnu++20";
				CLANG_ENABLE_MODULES = YES;
				CLANG_ENABLE_OBJC_ARC = YES;
				CLANG_ENABLE_OBJC_WEAK = YES;
				CLANG_WARN_BLOCK_CAPTURE_AUTORELEASING = YES;
				CLANG_WARN_BOOL_CONVERSION = YES;
				CLANG_WARN_COMMA = YES;
				CLANG_WARN_CONSTANT_CONVERSION = YES;
				CLANG_WARN_DEPRECATED_OBJC_IMPLEMENTATIONS = YES;
				CLANG_WARN_DIRECT_OBJC_ISA_USAGE = YES_ERROR;
				CLANG_WARN_DOCUMENTATION_COMMENTS = YES;
				CLANG_WARN_EMPTY_BODY = YES;
				CLANG_WARN_ENUM_CONVERSION = YES;
				CLANG_WARN_INFINITE_RECURSION = YES;
				CLANG_WARN_INT_CONVERSION = YES;
				CLANG_WARN_NON_LITERAL_NULL_CONVERSION = YES;
				CLANG_WARN_OBJC_IMPLICIT_RETAIN_SELF = YES;
				CLANG_WARN_OBJC_LITERAL_CONVERSION = YES;
				CLANG_WARN_OBJC_ROOT_CLASS = YES_ERROR;
				CLANG_WARN_QUOTED_INCLUDE_IN_FRAMEWORK_HEADER = YES;
				CLANG_WARN_RANGE_LOOP_ANALYSIS = YES;
				CLANG_WARN_STRICT_PROTOTYPES = YES;
				CLANG_WARN_SUSPICIOUS_MOVE = YES;
				CLANG_WARN_UNGUARDED_AVAILABILITY = YES_AGGRESSIVE;
				CLANG_WARN_UNREACHABLE_CODE = YES;
				CLANG_WARN__DUPLICATE_METHOD_MATCH = YES;
				COPY_PHASE_STRIP = NO;
				DEBUG_INFORMATION_FORMAT = dwarf;
				ENABLE_STRICT_OBJC_MSGSEND = YES;
				ENABLE_TESTABILITY = YES;
				ENABLE_USER_SCRIPT_SANDBOXING = YES;
				GCC_C_LANGUAGE_STANDARD = gnu17;
				GCC_DYNAMIC_NO_PIC = NO;
				GCC_NO_COMMON_BLOCKS = YES;
				GCC_OPTIMIZATION_LEVEL = 0;
				GCC_PREPROCESSOR_DEFINITIONS = (
					"DEBUG=1",
					"$(inherited)",
				);
				GCC_WARN_64_TO_32_BIT_CONVERSION = YES;
				GCC_WARN_ABOUT_RETURN_TYPE = YES_ERROR;
				GCC_WARN_UNDECLARED_SELECTOR = YES;
				GCC_WARN_UNINITIALIZED_AUTOS = YES_AGGRESSIVE;
				GCC_WARN_UNUSED_FUNCTION = YES;
				GCC_WARN_UNUSED_VARIABLE = YES;
				IPHONEOS_DEPLOYMENT_TARGET = 17.4;
				LOCALIZATION_PREFERS_STRING_CATALOGS = YES;
				MTL_ENABLE_DEBUG_INFO = INCLUDE_SOURCE;
				MTL_FAST_MATH = YES;
				ONLY_ACTIVE_ARCH = YES;
				SDKROOT = iphoneos;
				SWIFT_ACTIVE_COMPILATION_CONDITIONS = "DEBUG $(inherited)";
				SWIFT_OPTIMIZATION_LEVEL = "-Onone";
			};
			name = Debug;
		};
		CB12A2E42B9F95EB009C0BFA /* Release */ = {
			isa = XCBuildConfiguration;
			buildSettings = {
				ALWAYS_SEARCH_USER_PATHS = NO;
				ASSETCATALOG_COMPILER_GENERATE_SWIFT_ASSET_SYMBOL_EXTENSIONS = YES;
				CLANG_ANALYZER_NONNULL = YES;
				CLANG_ANALYZER_NUMBER_OBJECT_CONVERSION = YES_AGGRESSIVE;
				CLANG_CXX_LANGUAGE_STANDARD = "gnu++20";
				CLANG_ENABLE_MODULES = YES;
				CLANG_ENABLE_OBJC_ARC = YES;
				CLANG_ENABLE_OBJC_WEAK = YES;
				CLANG_WARN_BLOCK_CAPTURE_AUTORELEASING = YES;
				CLANG_WARN_BOOL_CONVERSION = YES;
				CLANG_WARN_COMMA = YES;
				CLANG_WARN_CONSTANT_CONVERSION = YES;
				CLANG_WARN_DEPRECATED_OBJC_IMPLEMENTATIONS = YES;
				CLANG_WARN_DIRECT_OBJC_ISA_USAGE = YES_ERROR;
				CLANG_WARN_DOCUMENTATION_COMMENTS = YES;
				CLANG_WARN_EMPTY_BODY = YES;
				CLANG_WARN_ENUM_CONVERSION = YES;
				CLANG_WARN_INFINITE_RECURSION = YES;
				CLANG_WARN_INT_CONVERSION = YES;
				CLANG_WARN_NON_LITERAL_NULL_CONVERSION = YES;
				CLANG_WARN_OBJC_IMPLICIT_RETAIN_SELF = YES;
				CLANG_WARN_OBJC_LITERAL_CONVERSION = YES;
				CLANG_WARN_OBJC_ROOT_CLASS = YES_ERROR;
				CLANG_WARN_QUOTED_INCLUDE_IN_FRAMEWORK_HEADER = YES;
				CLANG_WARN_RANGE_LOOP_ANALYSIS = YES;
				CLANG_WARN_STRICT_PROTOTYPES = YES;
				CLANG_WARN_SUSPICIOUS_MOVE = YES;
				CLANG_WARN_UNGUARDED_AVAILABILITY = YES_AGGRESSIVE;
				CLANG_WARN_UNREACHABLE_CODE = YES;
				CLANG_WARN__DUPLICATE_METHOD_MATCH = YES;
				COPY_PHASE_STRIP = NO;
				DEBUG_INFORMATION_FORMAT = "dwarf-with-dsym";
				ENABLE_NS_ASSERTIONS = NO;
				ENABLE_STRICT_OBJC_MSGSEND = YES;
				ENABLE_USER_SCRIPT_SANDBOXING = YES;
				GCC_C_LANGUAGE_STANDARD = gnu17;
				GCC_NO_COMMON_BLOCKS = YES;
				GCC_WARN_64_TO_32_BIT_CONVERSION = YES;
				GCC_WARN_ABOUT_RETURN_TYPE = YES_ERROR;
				GCC_WARN_UNDECLARED_SELECTOR = YES;
				GCC_WARN_UNINITIALIZED_AUTOS = YES_AGGRESSIVE;
				GCC_WARN_UNUSED_FUNCTION = YES;
				GCC_WARN_UNUSED_VARIABLE = YES;
				IPHONEOS_DEPLOYMENT_TARGET = 17.4;
				LOCALIZATION_PREFERS_STRING_CATALOGS = YES;
				MTL_ENABLE_DEBUG_INFO = NO;
				MTL_FAST_MATH = YES;
				SDKROOT = iphoneos;
				SWIFT_COMPILATION_MODE = wholemodule;
				VALIDATE_PRODUCT = YES;
			};
			name = Release;
		};
		CB12A2E62B9F95EB009C0BFA /* Debug */ = {
			isa = XCBuildConfiguration;
			buildSettings = {
				ASSETCATALOG_COMPILER_APPICON_NAME = AppIcon;
				ASSETCATALOG_COMPILER_GLOBAL_ACCENT_COLOR_NAME = AccentColor;
				CODE_SIGN_STYLE = Automatic;
				CURRENT_PROJECT_VERSION = 1;
				DEVELOPMENT_ASSET_PATHS = "\"Healtho Gym/Preview Content\"";
				ENABLE_PREVIEWS = YES;
				GENERATE_INFOPLIST_FILE = YES;
				INFOPLIST_FILE = "Healtho-Gym-Info.plist";
				INFOPLIST_KEY_UIApplicationSceneManifest_Generation = YES;
				INFOPLIST_KEY_UIApplicationSupportsIndirectInputEvents = YES;
				INFOPLIST_KEY_UILaunchScreen_Generation = YES;
				INFOPLIST_KEY_UILaunchStoryboardName = "Launch Screen.storyboard";
				INFOPLIST_KEY_UISupportedInterfaceOrientations = UIInterfaceOrientationPortrait;
				IPHONEOS_DEPLOYMENT_TARGET = 15.0;
				LD_RUNPATH_SEARCH_PATHS = (
					"$(inherited)",
					"@executable_path/Frameworks",
				);
				MARKETING_VERSION = 1.0;
				PRODUCT_BUNDLE_IDENTIFIER = "com.codeforany.Healtho-Gym";
				PRODUCT_NAME = "$(TARGET_NAME)";
				SWIFT_EMIT_LOC_STRINGS = YES;
				SWIFT_VERSION = 5.0;
				TARGETED_DEVICE_FAMILY = "1,2";
			};
			name = Debug;
		};
		CB12A2E72B9F95EB009C0BFA /* Release */ = {
			isa = XCBuildConfiguration;
			buildSettings = {
				ASSETCATALOG_COMPILER_APPICON_NAME = AppIcon;
				ASSETCATALOG_COMPILER_GLOBAL_ACCENT_COLOR_NAME = AccentColor;
				CODE_SIGN_STYLE = Automatic;
				CURRENT_PROJECT_VERSION = 1;
				DEVELOPMENT_ASSET_PATHS = "\"Healtho Gym/Preview Content\"";
				ENABLE_PREVIEWS = YES;
				GENERATE_INFOPLIST_FILE = YES;
				INFOPLIST_FILE = "Healtho-Gym-Info.plist";
				INFOPLIST_KEY_UIApplicationSceneManifest_Generation = YES;
				INFOPLIST_KEY_UIApplicationSupportsIndirectInputEvents = YES;
				INFOPLIST_KEY_UILaunchScreen_Generation = YES;
				INFOPLIST_KEY_UILaunchStoryboardName = "Launch Screen.storyboard";
				INFOPLIST_KEY_UISupportedInterfaceOrientations = UIInterfaceOrientationPortrait;
				IPHONEOS_DEPLOYMENT_TARGET = 15.0;
				LD_RUNPATH_SEARCH_PATHS = (
					"$(inherited)",
					"@executable_path/Frameworks",
				);
				MARKETING_VERSION = 1.0;
				PRODUCT_BUNDLE_IDENTIFIER = "com.codeforany.Healtho-Gym";
				PRODUCT_NAME = "$(TARGET_NAME)";
				SWIFT_EMIT_LOC_STRINGS = YES;
				SWIFT_VERSION = 5.0;
				TARGETED_DEVICE_FAMILY = "1,2";
			};
			name = Release;
		};
/* End XCBuildConfiguration section */

/* Begin XCConfigurationList section */
		CB12A2D22B9F95EA009C0BFA /* Build configuration list for PBXProject "Healtho Gym" */ = {
			isa = XCConfigurationList;
			buildConfigurations = (
				CB12A2E32B9F95EB009C0BFA /* Debug */,
				CB12A2E42B9F95EB009C0BFA /* Release */,
			);
			defaultConfigurationIsVisible = 0;
			defaultConfigurationName = Release;
		};
		CB12A2E52B9F95EB009C0BFA /* Build configuration list for PBXNativeTarget "Healtho Gym" */ = {
			isa = XCConfigurationList;
			buildConfigurations = (
				CB12A2E62B9F95EB009C0BFA /* Debug */,
				CB12A2E72B9F95EB009C0BFA /* Release */,
			);
			defaultConfigurationIsVisible = 0;
			defaultConfigurationName = Release;
		};
/* End XCConfigurationList section */
	};
	rootObject = CB12A2CF2B9F95EA009C0BFA /* Project object */;
}
