// !$*UTF8*$!
{
	archiveVersion = 1;
	classes = {
	};
	objectVersion = 56;
	objects = {

/* Begin PBXBuildFile section */
		CB12A2DB2B9F95EA009C0BFA /* Healtho_GymApp.swift in Sources */ = {isa = PBXBuildFile; fileRef = CB12A2DA2B9F95EA009C0BFA /* Healtho_GymApp.swift */; };
		CB12A2DF2B9F95EB009C0BFA /* Assets.xcassets in Resources */ = {isa = PBXBuildFile; fileRef = CB12A2DE2B9F95EB009C0BFA /* Assets.xcassets */; };
		CB12A2E22B9F95EB009C0BFA /* Preview Assets.xcassets in Resources */ = {isa = PBXBuildFile; fileRef = CB12A2E12B9F95EB009C0BFA /* Preview Assets.xcassets */; };
		CB12A2F12B9F966E009C0BFA /* OnBoardingScreen.swift in Sources */ = {isa = PBXBuildFile; fileRef = CB12A2F02B9F966E009C0BFA /* OnBoardingScreen.swift */; };
		CB12A2F32B9F96A3009C0BFA /* Launch Screen.storyboard in Resources */ = {isa = PBXBuildFile; fileRef = CB12A2F22B9F96A3009C0BFA /* Launch Screen.storyboard */; };
		CB12A2F92B9F96D9009C0BFA /* Poppins-SemiBold.ttf in Resources */ = {isa = PBXBuildFile; fileRef = CB12A2F42B9F96D9009C0BFA /* Poppins-SemiBold.ttf */; };
		CB12A2FA2B9F96D9009C0BFA /* Poppins-Light.ttf in Resources */ = {isa = PBXBuildFile; fileRef = CB12A2F52B9F96D9009C0BFA /* Poppins-Light.ttf */; };
		CB12A2FB2B9F96D9009C0BFA /* Poppins-Bold.ttf in Resources */ = {isa = PBXBuildFile; fileRef = CB12A2F62B9F96D9009C0BFA /* Poppins-Bold.ttf */; };
		CB12A2FC2B9F96D9009C0BFA /* Poppins-Medium.ttf in Resources */ = {isa = PBXBuildFile; fileRef = CB12A2F72B9F96D9009C0BFA /* Poppins-Medium.ttf */; };
		CB12A2FD2B9F96D9009C0BFA /* Poppins-Regular.ttf in Resources */ = {isa = PBXBuildFile; fileRef = CB12A2F82B9F96D9009C0BFA /* Poppins-Regular.ttf */; };
		CB12A3002B9F974D009C0BFA /* UIExtension.swift in Sources */ = {isa = PBXBuildFile; fileRef = CB12A2FF2B9F974D009C0BFA /* UIExtension.swift */; };
		CB4BA5F22BA0E1D400002CFD /* SignUpScreen.swift in Sources */ = {isa = PBXBuildFile; fileRef = CB4BA5F12BA0E1D400002CFD /* SignUpScreen.swift */; };
		CB4BA5F42BA0E4FC00002CFD /* MobileNumberScreen.swift in Sources */ = {isa = PBXBuildFile; fileRef = CB4BA5F32BA0E4FC00002CFD /* MobileNumberScreen.swift */; };
		CB4BA5F62BA0E66D00002CFD /* OTPScreen.swift in Sources */ = {isa = PBXBuildFile; fileRef = CB4BA5F52BA0E66D00002CFD /* OTPScreen.swift */; };
		CB4BA5F82BA0E91B00002CFD /* NameScreen.swift in Sources */ = {isa = PBXBuildFile; fileRef = CB4BA5F72BA0E91B00002CFD /* NameScreen.swift */; };
		CB4BA5FA2BA0E9A300002CFD /* GoalScreen.swift in Sources */ = {isa = PBXBuildFile; fileRef = CB4BA5F92BA0E9A300002CFD /* GoalScreen.swift */; };
		CBD3A1382BA23F8B00899663 /* SettingScreen.swift in Sources */ = {isa = PBXBuildFile; fileRef = CBD3A1372BA23F8B00899663 /* SettingScreen.swift */; };
		CBD3A13A2BA23F9900899663 /* SettingRow.swift in Sources */ = {isa = PBXBuildFile; fileRef = CBD3A1392BA23F9900899663 /* SettingRow.swift */; };
		CBD3A13C2BA23FA800899663 /* ProfileScreen.swift in Sources */ = {isa = PBXBuildFile; fileRef = CBD3A13B2BA23FA800899663 /* ProfileScreen.swift */; };
/* End PBXBuildFile section */

/* Begin PBXFileReference section */
		CB12A2D72B9F95EA009C0BFA /* Healtho Gym.app */ = {isa = PBXFileReference; explicitFileType = wrapper.application; includeInIndex = 0; path = "Healtho Gym.app"; sourceTree = BUILT_PRODUCTS_DIR; };
		CB12A2DA2B9F95EA009C0BFA /* Healtho_GymApp.swift */ = {isa = PBXFileReference; lastKnownFileType = sourcecode.swift; path = Healtho_GymApp.swift; sourceTree = "<group>"; };
		CB12A2DE2B9F95EB009C0BFA /* Assets.xcassets */ = {isa = PBXFileReference; lastKnownFileType = folder.assetcatalog; path = Assets.xcassets; sourceTree = "<group>"; };
		CB12A2E12B9F95EB009C0BFA /* Preview Assets.xcassets */ = {isa = PBXFileReference; lastKnownFileType = folder.assetcatalog; path = "Preview Assets.xcassets"; sourceTree = "<group>"; };
		CB12A2F02B9F966E009C0BFA /* OnBoardingScreen.swift */ = {isa = PBXFileReference; lastKnownFileType = sourcecode.swift; path = OnBoardingScreen.swift; sourceTree = "<group>"; };
		CB12A2F22B9F96A3009C0BFA /* Launch Screen.storyboard */ = {isa = PBXFileReference; lastKnownFileType = file.storyboard; path = "Launch Screen.storyboard"; sourceTree = "<group>"; };
		CB12A2F42B9F96D9009C0BFA /* Poppins-SemiBold.ttf */ = {isa = PBXFileReference; lastKnownFileType = file; path = "Poppins-SemiBold.ttf"; sourceTree = "<group>"; };
		CB12A2F52B9F96D9009C0BFA /* Poppins-Light.ttf */ = {isa = PBXFileReference; lastKnownFileType = file; path = "Poppins-Light.ttf"; sourceTree = "<group>"; };
		CB12A2F62B9F96D9009C0BFA /* Poppins-Bold.ttf */ = {isa = PBXFileReference; lastKnownFileType = file; path = "Poppins-Bold.ttf"; sourceTree = "<group>"; };
		CB12A2F72B9F96D9009C0BFA /* Poppins-Medium.ttf */ = {isa = PBXFileReference; lastKnownFileType = file; path = "Poppins-Medium.ttf"; sourceTree = "<group>"; };
		CB12A2F82B9F96D9009C0BFA /* Poppins-Regular.ttf */ = {isa = PBXFileReference; lastKnownFileType = file; path = "Poppins-Regular.ttf"; sourceTree = "<group>"; };
		CB12A2FE2B9F96E6009C0BFA /* Healtho-Gym-Info.plist */ = {isa = PBXFileReference; lastKnownFileType = text.plist; path = "Healtho-Gym-Info.plist"; sourceTree = SOURCE_ROOT; };
		CB12A2FF2B9F974D009C0BFA /* UIExtension.swift */ = {isa = PBXFileReference; lastKnownFileType = sourcecode.swift; path = UIExtension.swift; sourceTree = "<group>"; };
		CB4BA5F12BA0E1D400002CFD /* SignUpScreen.swift */ = {isa = PBXFileReference; lastKnownFileType = sourcecode.swift; path = SignUpScreen.swift; sourceTree = "<group>"; };
		CB4BA5F32BA0E4FC00002CFD /* MobileNumberScreen.swift */ = {isa = PBXFileReference; lastKnownFileType = sourcecode.swift; path = MobileNumberScreen.swift; sourceTree = "<group>"; };
		CB4BA5F52BA0E66D00002CFD /* OTPScreen.swift */ = {isa = PBXFileReference; lastKnownFileType = sourcecode.swift; path = OTPScreen.swift; sourceTree = "<group>"; };
		CB4BA5F72BA0E91B00002CFD /* NameScreen.swift */ = {isa = PBXFileReference; lastKnownFileType = sourcecode.swift; path = NameScreen.swift; sourceTree = "<group>"; };
		CB4BA5F92BA0E9A300002CFD /* GoalScreen.swift */ = {isa = PBXFileReference; lastKnownFileType = sourcecode.swift; path = GoalScreen.swift; sourceTree = "<group>"; };
		CBD3A1372BA23F8B00899663 /* SettingScreen.swift */ = {isa = PBXFileReference; lastKnownFileType = sourcecode.swift; path = SettingScreen.swift; sourceTree = "<group>"; };
		CBD3A1392BA23F9900899663 /* SettingRow.swift */ = {isa = PBXFileReference; lastKnownFileType = sourcecode.swift; path = SettingRow.swift; sourceTree = "<group>"; };
		CBD3A13B2BA23FA800899663 /* ProfileScreen.swift */ = {isa = PBXFileReference; lastKnownFileType = sourcecode.swift; path = ProfileScreen.swift; sourceTree = "<group>"; };
/* End PBXFileReference section */

/* Begin PBXFrameworksBuildPhase section */
		CB12A2D42B9F95EA009C0BFA /* Frameworks */ = {
			isa = PBXFrameworksBuildPhase;
			buildActionMask = 2147483647;
			files = (
			);
			runOnlyForDeploymentPostprocessing = 0;
		};
/* End PBXFrameworksBuildPhase section */

/* Begin PBXGroup section */
		CB12A2CE2B9F95EA009C0BFA = {
			isa = PBXGroup;
			children = (
				CB12A2D92B9F95EA009C0BFA /* Healtho Gym */,
				CB12A2D82B9F95EA009C0BFA /* Products */,
			);
			sourceTree = "<group>";
		};
		CB12A2D82B9F95EA009C0BFA /* Products */ = {
			isa = PBXGroup;
			children = (
				CB12A2D72B9F95EA009C0BFA /* Healtho Gym.app */,
			);
			name = Products;
			sourceTree = "<group>";
		};
		CB12A2D92B9F95EA009C0BFA /* Healtho Gym */ = {
			isa = PBXGroup;
			children = (
				CB12A2FE2B9F96E6009C0BFA /* Healtho-Gym-Info.plist */,
				CB12A2ED2B9F9650009C0BFA /* Screen */,
				CB12A2EC2B9F9648009C0BFA /* Model */,
				CB12A2EB2B9F963F009C0BFA /* ViewModel */,
				CB12A2EA2B9F9633009C0BFA /* UICommon */,
				CB12A2E92B9F962D009C0BFA /* Common */,
				CB12A2E82B9F9625009C0BFA /* Fonts */,
				CB12A2DA2B9F95EA009C0BFA /* Healtho_GymApp.swift */,
				CB12A2DE2B9F95EB009C0BFA /* Assets.xcassets */,
				CB12A2E02B9F95EB009C0BFA /* Preview Content */,
				CB12A2F22B9F96A3009C0BFA /* Launch Screen.storyboard */,
			);
			path = "Healtho Gym";
			sourceTree = "<group>";
		};
		CB12A2E02B9F95EB009C0BFA /* Preview Content */ = {
			isa = PBXGroup;
			children = (
				CB12A2E12B9F95EB009C0BFA /* Preview Assets.xcassets */,
			);
			path = "Preview Content";
			sourceTree = "<group>";
		};
		CB12A2E82B9F9625009C0BFA /* Fonts */ = {
			isa = PBXGroup;
			children = (
				CB12A2F62B9F96D9009C0BFA /* Poppins-Bold.ttf */,
				CB12A2F52B9F96D9009C0BFA /* Poppins-Light.ttf */,
				CB12A2F72B9F96D9009C0BFA /* Poppins-Medium.ttf */,
				CB12A2F82B9F96D9009C0BFA /* Poppins-Regular.ttf */,
				CB12A2F42B9F96D9009C0BFA /* Poppins-SemiBold.ttf */,
			);
			path = Fonts;
			sourceTree = "<group>";
		};
		CB12A2E92B9F962D009C0BFA /* Common */ = {
			isa = PBXGroup;
			children = (
			);
			path = Common;
			sourceTree = "<group>";
		};
		CB12A2EA2B9F9633009C0BFA /* UICommon */ = {
			isa = PBXGroup;
			children = (
				CB12A2FF2B9F974D009C0BFA /* UIExtension.swift */,
			);
			path = UICommon;
			sourceTree = "<group>";
		};
		CB12A2EB2B9F963F009C0BFA /* ViewModel */ = {
			isa = PBXGroup;
			children = (
			);
			path = ViewModel;
			sourceTree = "<group>";
		};
		CB12A2EC2B9F9648009C0BFA /* Model */ = {
			isa = PBXGroup;
			children = (
			);
			path = Model;
			sourceTree = "<group>";
		};
		CB12A2ED2B9F9650009C0BFA /* Screen */ = {
			isa = PBXGroup;
			children = (
				CB12A2EF2B9F965C009C0BFA /* Login */,
				CB12A2EE2B9F9656009C0BFA /* Home */,
			);
			path = Screen;
			sourceTree = "<group>";
		};
		CB12A2EE2B9F9656009C0BFA /* Home */ = {
			isa = PBXGroup;
			children = (
				CBD3A1362BA23F7000899663 /* Setting */,
			);
			path = Home;
			sourceTree = "<group>";
		};
		CB12A2EF2B9F965C009C0BFA /* Login */ = {
			isa = PBXGroup;
			children = (
				CB12A2F02B9F966E009C0BFA /* OnBoardingScreen.swift */,
				CB4BA5F12BA0E1D400002CFD /* SignUpScreen.swift */,
				CB4BA5F32BA0E4FC00002CFD /* MobileNumberScreen.swift */,
				CB4BA5F52BA0E66D00002CFD /* OTPScreen.swift */,
				CB4BA5F72BA0E91B00002CFD /* NameScreen.swift */,
				CB4BA5F92BA0E9A300002CFD /* GoalScreen.swift */,
			);
			path = Login;
			sourceTree = "<group>";
		};
		CBD3A1362BA23F7000899663 /* Setting */ = {
			isa = PBXGroup;
			children = (
				CBD3A1372BA23F8B00899663 /* SettingScreen.swift */,
				CBD3A1392BA23F9900899663 /* SettingRow.swift */,
				CBD3A13B2BA23FA800899663 /* ProfileScreen.swift */,
			);
			path = Setting;
			sourceTree = "<group>";
		};
/* End PBXGroup section */

/* Begin PBXNativeTarget section */
		CB12A2D62B9F95EA009C0BFA /* Healtho Gym */ = {
			isa = PBXNativeTarget;
			buildConfigurationList = CB12A2E52B9F95EB009C0BFA /* Build configuration list for PBXNativeTarget "Healtho Gym" */;
			buildPhases = (
				CB12A2D32B9F95EA009C0BFA /* Sources */,
				CB12A2D42B9F95EA009C0BFA /* Frameworks */,
				CB12A2D52B9F95EA009C0BFA /* Resources */,
			);
			buildRules = (
			);
			dependencies = (
			);
			name = "Healtho Gym";
			productName = "Healtho Gym";
			productReference = CB12A2D72B9F95EA009C0BFA /* Healtho Gym.app */;
			productType = "com.apple.product-type.application";
		};
/* End PBXNativeTarget section */

/* Begin PBXProject section */
		CB12A2CF2B9F95EA009C0BFA /* Project object */ = {
			isa = PBXProject;
			attributes = {
				BuildIndependentTargetsInParallel = 1;
				LastSwiftUpdateCheck = 1530;
				LastUpgradeCheck = 1530;
				TargetAttributes = {
					CB12A2D62B9F95EA009C0BFA = {
						CreatedOnToolsVersion = 15.3;
					};
				};
			};
			buildConfigurationList = CB12A2D22B9F95EA009C0BFA /* Build configuration list for PBXProject "Healtho Gym" */;
			compatibilityVersion = "Xcode 14.0";
			developmentRegion = en;
			hasScannedForEncodings = 0;
			knownRegions = (
				en,
				Base,
			);
			mainGroup = CB12A2CE2B9F95EA009C0BFA;
			productRefGroup = CB12A2D82B9F95EA009C0BFA /* Products */;
			projectDirPath = "";
			projectRoot = "";
			targets = (
				CB12A2D62B9F95EA009C0BFA /* Healtho Gym */,
			);
		};
/* End PBXProject section */

/* Begin PBXResourcesBuildPhase section */
		CB12A2D52B9F95EA009C0BFA /* Resources */ = {
			isa = PBXResourcesBuildPhase;
			buildActionMask = 2147483647;
			files = (
				CB12A2F32B9F96A3009C0BFA /* Launch Screen.storyboard in Resources */,
				CB12A2FC2B9F96D9009C0BFA /* Poppins-Medium.ttf in Resources */,
				CB12A2FB2B9F96D9009C0BFA /* Poppins-Bold.ttf in Resources */,
				CB12A2FA2B9F96D9009C0BFA /* Poppins-Light.ttf in Resources */,
				CB12A2F92B9F96D9009C0BFA /* Poppins-SemiBold.ttf in Resources */,
				CB12A2E22B9F95EB009C0BFA /* Preview Assets.xcassets in Resources */,
				CB12A2DF2B9F95EB009C0BFA /* Assets.xcassets in Resources */,
				CB12A2FD2B9F96D9009C0BFA /* Poppins-Regular.ttf in Resources */,
			);
			runOnlyForDeploymentPostprocessing = 0;
		};
/* End PBXResourcesBuildPhase section */

/* Begin PBXSourcesBuildPhase section */
		CB12A2D32B9F95EA009C0BFA /* Sources */ = {
			isa = PBXSourcesBuildPhase;
			buildActionMask = 2147483647;
			files = (
				CB4BA5F82BA0E91B00002CFD /* NameScreen.swift in Sources */,
				CBD3A13A2BA23F9900899663 /* SettingRow.swift in Sources */,
				CB12A2F12B9F966E009C0BFA /* OnBoardingScreen.swift in Sources */,
				CB12A3002B9F974D009C0BFA /* UIExtension.swift in Sources */,
				CBD3A13C2BA23FA800899663 /* ProfileScreen.swift in Sources */,
				CBD3A1382BA23F8B00899663 /* SettingScreen.swift in Sources */,
				CB4BA5F42BA0E4FC00002CFD /* MobileNumberScreen.swift in Sources */,
				CB12A2DB2B9F95EA009C0BFA /* Healtho_GymApp.swift in Sources */,
				CB4BA5F22BA0E1D400002CFD /* SignUpScreen.swift in Sources */,
				CB4BA5FA2BA0E9A300002CFD /* GoalScreen.swift in Sources */,
				CB4BA5F62BA0E66D00002CFD /* OTPScreen.swift in Sources */,
			);
			runOnlyForDeploymentPostprocessing = 0;
		};
/* End PBXSourcesBuildPhase section */

/* Begin XCBuildConfiguration section */
		CB12A2E32B9F95EB009C0BFA /* Debug */ = {
			isa = XCBuildConfiguration;
			buildSettings = {
				ALWAYS_SEARCH_USER_PATHS = NO;
				ASSETCATALOG_COMPILER_GENERATE_SWIFT_ASSET_SYMBOL_EXTENSIONS = YES;
				CLANG_ANALYZER_NONNULL = YES;
				CLANG_ANALYZER_NUMBER_OBJECT_CONVERSION = YES_AGGRESSIVE;
				CLANG_CXX_LANGUAGE_STANDARD = "gnu++20";
				CLANG_ENABLE_MODULES = YES;
				CLANG_ENABLE_OBJC_ARC = YES;
				CLANG_ENABLE_OBJC_WEAK = YES;
				CLANG_WARN_BLOCK_CAPTURE_AUTORELEASING = YES;
				CLANG_WARN_BOOL_CONVERSION = YES;
				CLANG_WARN_COMMA = YES;
				CLANG_WARN_CONSTANT_CONVERSION = YES;
				CLANG_WARN_DEPRECATED_OBJC_IMPLEMENTATIONS = YES;
				CLANG_WARN_DIRECT_OBJC_ISA_USAGE = YES_ERROR;
				CLANG_WARN_DOCUMENTATION_COMMENTS = YES;
				CLANG_WARN_EMPTY_BODY = YES;
				CLANG_WARN_ENUM_CONVERSION = YES;
				CLANG_WARN_INFINITE_RECURSION = YES;
				CLANG_WARN_INT_CONVERSION = YES;
				CLANG_WARN_NON_LITERAL_NULL_CONVERSION = YES;
				CLANG_WARN_OBJC_IMPLICIT_RETAIN_SELF = YES;
				CLANG_WARN_OBJC_LITERAL_CONVERSION = YES;
				CLANG_WARN_OBJC_ROOT_CLASS = YES_ERROR;
				CLANG_WARN_QUOTED_INCLUDE_IN_FRAMEWORK_HEADER = YES;
				CLANG_WARN_RANGE_LOOP_ANALYSIS = YES;
				CLANG_WARN_STRICT_PROTOTYPES = YES;
				CLANG_WARN_SUSPICIOUS_MOVE = YES;
				CLANG_WARN_UNGUARDED_AVAILABILITY = YES_AGGRESSIVE;
				CLANG_WARN_UNREACHABLE_CODE = YES;
				CLANG_WARN__DUPLICATE_METHOD_MATCH = YES;
				COPY_PHASE_STRIP = NO;
				DEBUG_INFORMATION_FORMAT = dwarf;
				ENABLE_STRICT_OBJC_MSGSEND = YES;
				ENABLE_TESTABILITY = YES;
				ENABLE_USER_SCRIPT_SANDBOXING = YES;
				GCC_C_LANGUAGE_STANDARD = gnu17;
				GCC_DYNAMIC_NO_PIC = NO;
				GCC_NO_COMMON_BLOCKS = YES;
				GCC_OPTIMIZATION_LEVEL = 0;
				GCC_PREPROCESSOR_DEFINITIONS = (
					"DEBUG=1",
					"$(inherited)",
				);
				GCC_WARN_64_TO_32_BIT_CONVERSION = YES;
				GCC_WARN_ABOUT_RETURN_TYPE = YES_ERROR;
				GCC_WARN_UNDECLARED_SELECTOR = YES;
				GCC_WARN_UNINITIALIZED_AUTOS = YES_AGGRESSIVE;
				GCC_WARN_UNUSED_FUNCTION = YES;
				GCC_WARN_UNUSED_VARIABLE = YES;
				IPHONEOS_DEPLOYMENT_TARGET = 17.4;
				LOCALIZATION_PREFERS_STRING_CATALOGS = YES;
				MTL_ENABLE_DEBUG_INFO = INCLUDE_SOURCE;
				MTL_FAST_MATH = YES;
				ONLY_ACTIVE_ARCH = YES;
				SDKROOT = iphoneos;
				SWIFT_ACTIVE_COMPILATION_CONDITIONS = "DEBUG $(inherited)";
				SWIFT_OPTIMIZATION_LEVEL = "-Onone";
			};
			name = Debug;
		};
		CB12A2E42B9F95EB009C0BFA /* Release */ = {
			isa = XCBuildConfiguration;
			buildSettings = {
				ALWAYS_SEARCH_USER_PATHS = NO;
				ASSETCATALOG_COMPILER_GENERATE_SWIFT_ASSET_SYMBOL_EXTENSIONS = YES;
				CLANG_ANALYZER_NONNULL = YES;
				CLANG_ANALYZER_NUMBER_OBJECT_CONVERSION = YES_AGGRESSIVE;
				CLANG_CXX_LANGUAGE_STANDARD = "gnu++20";
				CLANG_ENABLE_MODULES = YES;
				CLANG_ENABLE_OBJC_ARC = YES;
				CLANG_ENABLE_OBJC_WEAK = YES;
				CLANG_WARN_BLOCK_CAPTURE_AUTORELEASING = YES;
				CLANG_WARN_BOOL_CONVERSION = YES;
				CLANG_WARN_COMMA = YES;
				CLANG_WARN_CONSTANT_CONVERSION = YES;
				CLANG_WARN_DEPRECATED_OBJC_IMPLEMENTATIONS = YES;
				CLANG_WARN_DIRECT_OBJC_ISA_USAGE = YES_ERROR;
				CLANG_WARN_DOCUMENTATION_COMMENTS = YES;
				CLANG_WARN_EMPTY_BODY = YES;
				CLANG_WARN_ENUM_CONVERSION = YES;
				CLANG_WARN_INFINITE_RECURSION = YES;
				CLANG_WARN_INT_CONVERSION = YES;
				CLANG_WARN_NON_LITERAL_NULL_CONVERSION = YES;
				CLANG_WARN_OBJC_IMPLICIT_RETAIN_SELF = YES;
				CLANG_WARN_OBJC_LITERAL_CONVERSION = YES;
				CLANG_WARN_OBJC_ROOT_CLASS = YES_ERROR;
				CLANG_WARN_QUOTED_INCLUDE_IN_FRAMEWORK_HEADER = YES;
				CLANG_WARN_RANGE_LOOP_ANALYSIS = YES;
				CLANG_WARN_STRICT_PROTOTYPES = YES;
				CLANG_WARN_SUSPICIOUS_MOVE = YES;
				CLANG_WARN_UNGUARDED_AVAILABILITY = YES_AGGRESSIVE;
				CLANG_WARN_UNREACHABLE_CODE = YES;
				CLANG_WARN__DUPLICATE_METHOD_MATCH = YES;
				COPY_PHASE_STRIP = NO;
				DEBUG_INFORMATION_FORMAT = "dwarf-with-dsym";
				ENABLE_NS_ASSERTIONS = NO;
				ENABLE_STRICT_OBJC_MSGSEND = YES;
				ENABLE_USER_SCRIPT_SANDBOXING = YES;
				GCC_C_LANGUAGE_STANDARD = gnu17;
				GCC_NO_COMMON_BLOCKS = YES;
				GCC_WARN_64_TO_32_BIT_CONVERSION = YES;
				GCC_WARN_ABOUT_RETURN_TYPE = YES_ERROR;
				GCC_WARN_UNDECLARED_SELECTOR = YES;
				GCC_WARN_UNINITIALIZED_AUTOS = YES_AGGRESSIVE;
				GCC_WARN_UNUSED_FUNCTION = YES;
				GCC_WARN_UNUSED_VARIABLE = YES;
				IPHONEOS_DEPLOYMENT_TARGET = 17.4;
				LOCALIZATION_PREFERS_STRING_CATALOGS = YES;
				MTL_ENABLE_DEBUG_INFO = NO;
				MTL_FAST_MATH = YES;
				SDKROOT = iphoneos;
				SWIFT_COMPILATION_MODE = wholemodule;
				VALIDATE_PRODUCT = YES;
			};
			name = Release;
		};
		CB12A2E62B9F95EB009C0BFA /* Debug */ = {
			isa = XCBuildConfiguration;
			buildSettings = {
				ASSETCATALOG_COMPILER_APPICON_NAME = AppIcon;
				ASSETCATALOG_COMPILER_GLOBAL_ACCENT_COLOR_NAME = AccentColor;
				CODE_SIGN_STYLE = Automatic;
				CURRENT_PROJECT_VERSION = 1;
				DEVELOPMENT_ASSET_PATHS = "\"Healtho Gym/Preview Content\"";
				ENABLE_PREVIEWS = YES;
				GENERATE_INFOPLIST_FILE = YES;
				INFOPLIST_FILE = "Healtho-Gym-Info.plist";
				INFOPLIST_KEY_UIApplicationSceneManifest_Generation = YES;
				INFOPLIST_KEY_UIApplicationSupportsIndirectInputEvents = YES;
				INFOPLIST_KEY_UILaunchScreen_Generation = YES;
				INFOPLIST_KEY_UILaunchStoryboardName = "Launch Screen.storyboard";
				INFOPLIST_KEY_UISupportedInterfaceOrientations = UIInterfaceOrientationPortrait;
				IPHONEOS_DEPLOYMENT_TARGET = 15.0;
				LD_RUNPATH_SEARCH_PATHS = (
					"$(inherited)",
					"@executable_path/Frameworks",
				);
				MARKETING_VERSION = 1.0;
				PRODUCT_BUNDLE_IDENTIFIER = "com.codeforany.Healtho-Gym";
				PRODUCT_NAME = "$(TARGET_NAME)";
				SWIFT_EMIT_LOC_STRINGS = YES;
				SWIFT_VERSION = 5.0;
				TARGETED_DEVICE_FAMILY = "1,2";
			};
			name = Debug;
		};
		CB12A2E72B9F95EB009C0BFA /* Release */ = {
			isa = XCBuildConfiguration;
			buildSettings = {
				ASSETCATALOG_COMPILER_APPICON_NAME = AppIcon;
				ASSETCATALOG_COMPILER_GLOBAL_ACCENT_COLOR_NAME = AccentColor;
				CODE_SIGN_STYLE = Automatic;
				CURRENT_PROJECT_VERSION = 1;
				DEVELOPMENT_ASSET_PATHS = "\"Healtho Gym/Preview Content\"";
				ENABLE_PREVIEWS = YES;
				GENERATE_INFOPLIST_FILE = YES;
				INFOPLIST_FILE = "Healtho-Gym-Info.plist";
				INFOPLIST_KEY_UIApplicationSceneManifest_Generation = YES;
				INFOPLIST_KEY_UIApplicationSupportsIndirectInputEvents = YES;
				INFOPLIST_KEY_UILaunchScreen_Generation = YES;
				INFOPLIST_KEY_UILaunchStoryboardName = "Launch Screen.storyboard";
				INFOPLIST_KEY_UISupportedInterfaceOrientations = UIInterfaceOrientationPortrait;
				IPHONEOS_DEPLOYMENT_TARGET = 15.0;
				LD_RUNPATH_SEARCH_PATHS = (
					"$(inherited)",
					"@executable_path/Frameworks",
				);
				MARKETING_VERSION = 1.0;
				PRODUCT_BUNDLE_IDENTIFIER = "com.codeforany.Healtho-Gym";
				PRODUCT_NAME = "$(TARGET_NAME)";
				SWIFT_EMIT_LOC_STRINGS = YES;
				SWIFT_VERSION = 5.0;
				TARGETED_DEVICE_FAMILY = "1,2";
			};
			name = Release;
		};
/* End XCBuildConfiguration section */

/* Begin XCConfigurationList section */
		CB12A2D22B9F95EA009C0BFA /* Build configuration list for PBXProject "Healtho Gym" */ = {
			isa = XCConfigurationList;
			buildConfigurations = (
				CB12A2E32B9F95EB009C0BFA /* Debug */,
				CB12A2E42B9F95EB009C0BFA /* Release */,
			);
			defaultConfigurationIsVisible = 0;
			defaultConfigurationName = Release;
		};
		CB12A2E52B9F95EB009C0BFA /* Build configuration list for PBXNativeTarget "Healtho Gym" */ = {
			isa = XCConfigurationList;
			buildConfigurations = (
				CB12A2E62B9F95EB009C0BFA /* Debug */,
				CB12A2E72B9F95EB009C0BFA /* Release */,
			);
			defaultConfigurationIsVisible = 0;
			defaultConfigurationName = Release;
		};
/* End XCConfigurationList section */
	};
	rootObject = CB12A2CF2B9F95EA009C0BFA /* Project object */;
}
